
Microsoft Visual Studio Solution File, Format Version 12.00
# Visual Studio Version 17
VisualStudioVersion = 17.7.34202.233
MinimumVisualStudioVersion = 10.0.40219.1
Project("{9A19103F-16F7-4668-BE54-9A1E7A4F7556}") = "SistemaPedido", "SistemaPedido\SistemaPedido.csproj", "{DB9D2E5D-6FB9-473D-95EA-CCCB7C1C7F61}"
EndProject
Project("{2150E333-8FDC-42A3-9474-1A3956D46DE8}") = "1- API", "1- API", "{8A9C3A34-75A4-4218-8C50-3B63C430A7E9}"
EndProject
Project("{2150E333-8FDC-42A3-9474-1A3956D46DE8}") = "2 - Application", "2 - Application", "{950B82B5-B7EB-467E-AE6F-88B9368E3C56}"
EndProject
Project("{2150E333-8FDC-42A3-9474-1A3956D46DE8}") = "3 - Domain", "3 - Domain", "{5FCD38C4-01BA-4DB5-9C1E-52461E5CDD6A}"
EndProject
Project("{2150E333-8FDC-42A3-9474-1A3956D46DE8}") = "4 - Infra", "4 - Infra", "{B2A78CBC-7B82-4CBD-9895-282DA220BAD2}"
EndProject
Project("{2150E333-8FDC-42A3-9474-1A3956D46DE8}") = "4.1 - Data", "4.1 - Data", "{9BDA7C30-1DDC-44FF-AC45-1B7DF2C31746}"
EndProject
Project("{2150E333-8FDC-42A3-9474-1A3956D46DE8}") = "4.2 - CrossCutting", "4.2 - CrossCutting", "{547D4FFE-0F19-44BF-BFCA-98707ACFF4E0}"
EndProject
Project("{2150E333-8FDC-42A3-9474-1A3956D46DE8}") = "4.3 - IoC", "4.3 - IoC", "{6D820540-0872-4EBC-859A-796FD07945C6}"
EndProject
Project("{9A19103F-16F7-4668-BE54-9A1E7A4F7556}") = "SistemaPedido.Service", "SistemaPedido.Service\SistemaPedido.Service.csproj", "{01245776-5085-43F0-81E2-FB4E58842F67}"
EndProject
Project("{9A19103F-16F7-4668-BE54-9A1E7A4F7556}") = "SistemaPedido.Domain", "SistemaPedido.Domain\SistemaPedido.Domain.csproj", "{8E8AA4CA-01CE-4E02-9330-A8AFE235295B}"
EndProject
Project("{9A19103F-16F7-4668-BE54-9A1E7A4F7556}") = "SistemaPedido.Data", "SistemaPedido.Data\SistemaPedido.Data.csproj", "{928FB08F-9654-423C-951F-7B50643909E0}"
EndProject
Project("{9A19103F-16F7-4668-BE54-9A1E7A4F7556}") = "SistemaPedido.CrossCutting", "SistemaPedido.CrossCutting\SistemaPedido.CrossCutting.csproj", "{60C5CF41-CBCE-4269-BC83-A9BFAE18A61C}"
EndProject
Project("{9A19103F-16F7-4668-BE54-9A1E7A4F7556}") = "SistemaPedido.IoC", "SistemaPedido.IoC\SistemaPedido.IoC.csproj", "{7D805864-7442-47DC-836B-9233FA285A17}"
EndProject
Global
	GlobalSection(SolutionConfigurationPlatforms) = preSolution
		Debug|Any CPU = Debug|Any CPU
		Release|Any CPU = Release|Any CPU
	EndGlobalSection
	GlobalSection(ProjectConfigurationPlatforms) = postSolution
		{DB9D2E5D-6FB9-473D-95EA-CCCB7C1C7F61}.Debug|Any CPU.ActiveCfg = Debug|Any CPU
		{DB9D2E5D-6FB9-473D-95EA-CCCB7C1C7F61}.Debug|Any CPU.Build.0 = Debug|Any CPU
		{DB9D2E5D-6FB9-473D-95EA-CCCB7C1C7F61}.Release|Any CPU.ActiveCfg = Release|Any CPU
		{DB9D2E5D-6FB9-473D-95EA-CCCB7C1C7F61}.Release|Any CPU.Build.0 = Release|Any CPU
		{01245776-5085-43F0-81E2-FB4E58842F67}.Debug|Any CPU.ActiveCfg = Debug|Any CPU
		{01245776-5085-43F0-81E2-FB4E58842F67}.Debug|Any CPU.Build.0 = Debug|Any CPU
		{01245776-5085-43F0-81E2-FB4E58842F67}.Release|Any CPU.ActiveCfg = Release|Any CPU
		{01245776-5085-43F0-81E2-FB4E58842F67}.Release|Any CPU.Build.0 = Release|Any CPU
		{8E8AA4CA-01CE-4E02-9330-A8AFE235295B}.Debug|Any CPU.ActiveCfg = Debug|Any CPU
		{8E8AA4CA-01CE-4E02-9330-A8AFE235295B}.Debug|Any CPU.Build.0 = Debug|Any CPU
		{8E8AA4CA-01CE-4E02-9330-A8AFE235295B}.Release|Any CPU.ActiveCfg = Release|Any CPU
		{8E8AA4CA-01CE-4E02-9330-A8AFE235295B}.Release|Any CPU.Build.0 = Release|Any CPU
		{928FB08F-9654-423C-951F-7B50643909E0}.Debug|Any CPU.ActiveCfg = Debug|Any CPU
		{928FB08F-9654-423C-951F-7B50643909E0}.Debug|Any CPU.Build.0 = Debug|Any CPU
		{928FB08F-9654-423C-951F-7B50643909E0}.Release|Any CPU.ActiveCfg = Release|Any CPU
		{928FB08F-9654-423C-951F-7B50643909E0}.Release|Any CPU.Build.0 = Release|Any CPU
		{60C5CF41-CBCE-4269-BC83-A9BFAE18A61C}.Debug|Any CPU.ActiveCfg = Debug|Any CPU
		{60C5CF41-CBCE-4269-BC83-A9BFAE18A61C}.Debug|Any CPU.Build.0 = Debug|Any CPU
		{60C5CF41-CBCE-4269-BC83-A9BFAE18A61C}.Release|Any CPU.ActiveCfg = Release|Any CPU
		{60C5CF41-CBCE-4269-BC83-A9BFAE18A61C}.Release|Any CPU.Build.0 = Release|Any CPU
		{7D805864-7442-47DC-836B-9233FA285A17}.Debug|Any CPU.ActiveCfg = Debug|Any CPU
		{7D805864-7442-47DC-836B-9233FA285A17}.Debug|Any CPU.Build.0 = Debug|Any CPU
		{7D805864-7442-47DC-836B-9233FA285A17}.Release|Any CPU.ActiveCfg = Release|Any CPU
		{7D805864-7442-47DC-836B-9233FA285A17}.Release|Any CPU.Build.0 = Release|Any CPU
	EndGlobalSection
	GlobalSection(SolutionProperties) = preSolution
		HideSolutionNode = FALSE
	EndGlobalSection
	GlobalSection(NestedProjects) = preSolution
		{DB9D2E5D-6FB9-473D-95EA-CCCB7C1C7F61} = {8A9C3A34-75A4-4218-8C50-3B63C430A7E9}
		{9BDA7C30-1DDC-44FF-AC45-1B7DF2C31746} = {B2A78CBC-7B82-4CBD-9895-282DA220BAD2}
		{547D4FFE-0F19-44BF-BFCA-98707ACFF4E0} = {B2A78CBC-7B82-4CBD-9895-282DA220BAD2}
		{6D820540-0872-4EBC-859A-796FD07945C6} = {B2A78CBC-7B82-4CBD-9895-282DA220BAD2}
		{01245776-5085-43F0-81E2-FB4E58842F67} = {950B82B5-B7EB-467E-AE6F-88B9368E3C56}
		{8E8AA4CA-01CE-4E02-9330-A8AFE235295B} = {5FCD38C4-01BA-4DB5-9C1E-52461E5CDD6A}
		{928FB08F-9654-423C-951F-7B50643909E0} = {9BDA7C30-1DDC-44FF-AC45-1B7DF2C31746}
		{60C5CF41-CBCE-4269-BC83-A9BFAE18A61C} = {547D4FFE-0F19-44BF-BFCA-98707ACFF4E0}
		{7D805864-7442-47DC-836B-9233FA285A17} = {6D820540-0872-4EBC-859A-796FD07945C6}
	EndGlobalSection
	GlobalSection(ExtensibilityGlobals) = postSolution
		SolutionGuid = {D11F2521-E681-46EA-AA77-69D12CA4432C}
	EndGlobalSection
EndGlobal
